
Microsoft Visual Studio Solution File, Format Version 12.00
# Visual Studio Version 16
VisualStudioVersion = 16.0.29609.76
MinimumVisualStudioVersion = 10.0.40219.1
Project("{FAE04EC0-301F-11D3-BF4B-00C04F79EFBC}") = "Szkolenie", "Szkolenie\Szkolenie.csproj", "{F6C0467E-C578-4D06-92C9-3720126D78CA}"
EndProject
Project("{FAE04EC0-301F-11D3-BF4B-00C04F79EFBC}") = "lab01 - PierwszyProgram", "lab01 - PierwszyProgram\lab01 - PierwszyProgram.csproj", "{F17C886D-C316-4B1E-AD09-D920B84B6E21}"
EndProject
Project("{FAE04EC0-301F-11D3-BF4B-00C04F79EFBC}") = "lab02 - Konsola", "lab02 - Konsola\lab02 - Konsola.csproj", "{429439DB-8EC8-411B-B74E-395079BCABE0}"
EndProject
Project("{FAE04EC0-301F-11D3-BF4B-00C04F79EFBC}") = "lab02 - Konsola(cwiczenia)", "lab02 - Konsola(cwiczenia)\lab02 - Konsola(cwiczenia).csproj", "{3A7E814C-2026-41B1-97C4-D3D6F0C364EB}"
EndProject
Project("{FAE04EC0-301F-11D3-BF4B-00C04F79EFBC}") = "lab03 - ZmienneTypyDanych", "lab03 - Zmienne\lab03 - ZmienneTypyDanych.csproj", "{5B877D4B-0145-4A41-A632-6A7BDE45AEF1}"
EndProject
Project("{FAE04EC0-301F-11D3-BF4B-00C04F79EFBC}") = "lab03 - ZmienneTypyDanych(cwiczenia)", "lab03 - ZmienneTypyDanych(cwiczenia)\lab03 - ZmienneTypyDanych(cwiczenia).csproj", "{4D89ABE7-C102-47E4-ADB6-139CFA159900}"
EndProject
Project("{FAE04EC0-301F-11D3-BF4B-00C04F79EFBC}") = "lab04 - KonwersjaTypow", "lab04 - KonwersjaTypow\lab04 - KonwersjaTypow.csproj", "{B9907822-7AC0-45FA-B814-0BF9EA0BED24}"
EndProject
Project("{FAE04EC0-301F-11D3-BF4B-00C04F79EFBC}") = "lab05 - OperatoryArytmetyczne", "lab05 - OperatoryArytmetyczne\lab05 - OperatoryArytmetyczne.csproj", "{8CC38DFA-8394-4794-B2D8-1DD6CC458415}"
EndProject
Project("{FAE04EC0-301F-11D3-BF4B-00C04F79EFBC}") = "lab05 - OperatoryArytmetyczne(cwiczenie)", "lab05 - OperatoryArytmetyczne(cwiczenie)\lab05 - OperatoryArytmetyczne(cwiczenie).csproj", "{7DFBF873-D2C7-4C35-8513-0AD05F0DD31D}"
EndProject
Project("{FAE04EC0-301F-11D3-BF4B-00C04F79EFBC}") = "lab06 - InstrukcjaIfElse", "lab06 - InstrukcjaIfElse\lab06 - InstrukcjaIfElse.csproj", "{61F83C5B-1848-4000-B336-CCD0C7258237}"
EndProject
Project("{FAE04EC0-301F-11D3-BF4B-00C04F79EFBC}") = "lab06 - InstrukcjaIfElse(cwiczenia)", "lab06 - InstrukcjaIfElse(cwiczenia)\lab06 - InstrukcjaIfElse(cwiczenia).csproj", "{C46C0BAA-3D75-4596-9688-A1908CB90CB9}"
EndProject
Project("{FAE04EC0-301F-11D3-BF4B-00C04F79EFBC}") = "lab07 - InstrukcjaSwitch", "lab07 - InstrukcjaSwitch\lab07 - InstrukcjaSwitch.csproj", "{E0FC3AD8-22AF-48EA-B4D7-08FF8735321F}"
EndProject
Project("{FAE04EC0-301F-11D3-BF4B-00C04F79EFBC}") = "lab07 - InstrukcjaSwitch(cwiczenia)", "lab07 - InstrukcjaSwitch(cwiczenia)\lab07 - InstrukcjaSwitch(cwiczenia).csproj", "{77F753C1-1C95-4630-84FE-F1A7424874A3}"
EndProject
Project("{FAE04EC0-301F-11D3-BF4B-00C04F79EFBC}") = "lab08 - TypEnum", "lab08 - TypEnum\lab08 - TypEnum.csproj", "{30096B08-932D-4FF2-95F1-EF5AEA7B9FA6}"
EndProject
Project("{FAE04EC0-301F-11D3-BF4B-00C04F79EFBC}") = "lab08 - TypEnumSwitch", "lab08 - TypEnumSwitch\lab08 - TypEnumSwitch.csproj", "{FDEF2BC5-4967-4193-979D-7BCBA6D35834}"
EndProject
Project("{FAE04EC0-301F-11D3-BF4B-00C04F79EFBC}") = "lab08 - TypEnumSwitch(cwiczenia)", "lab08 - TypEnumSwitch(cwiczenia)\lab08 - TypEnumSwitch(cwiczenia).csproj", "{53E6BBD4-6036-4370-AF4D-8FA16BE1AD56}"
EndProject
Project("{FAE04EC0-301F-11D3-BF4B-00C04F79EFBC}") = "lab09 - Petle", "lab09 - Petle\lab09 - Petle.csproj", "{345539E0-6BC2-48C1-9C78-97C574D27700}"
EndProject
Project("{FAE04EC0-301F-11D3-BF4B-00C04F79EFBC}") = "lab09 - Petle(cwiczenia)", "lab09 - Petle(cwiczenia)\lab09 - Petle(cwiczenia).csproj", "{C3989DEB-CA4B-4273-A876-D0B0EFEA72FF}"
EndProject
Project("{FAE04EC0-301F-11D3-BF4B-00C04F79EFBC}") = "lab10 - Metody", "lab10 - Metody\lab10 - Metody.csproj", "{9646E539-F099-4231-8936-F0CA0D726C3E}"
EndProject
Project("{FAE04EC0-301F-11D3-BF4B-00C04F79EFBC}") = "lab11 - Tuple", "lab11 - Tuple\lab11 - Tuple.csproj", "{27F306A9-F8CD-4B83-8B68-5D5DDF66D457}"
EndProject
Project("{FAE04EC0-301F-11D3-BF4B-00C04F79EFBC}") = "lab12 - Tablice", "lab12 - Tablice\lab12 - Tablice.csproj", "{1417A0B9-0BBD-441E-873F-FF44BC47B3D8}"
EndProject
Project("{FAE04EC0-301F-11D3-BF4B-00C04F79EFBC}") = "lab13 - TabliceDwuwymiarowe", "lab13 - TabliceDwuwymiarowe\lab13 - TabliceDwuwymiarowe.csproj", "{93B1F88A-C75B-469A-A286-EB7132851BBD}"
EndProject
Project("{FAE04EC0-301F-11D3-BF4B-00C04F79EFBC}") = "lab13 - TabliceDwuwymiarowe(cwiczenia)", "lab13 - TabliceDwuwymiarowe(cwiczenia)\lab13 - TabliceDwuwymiarowe(cwiczenia).csproj", "{A371BCCA-5A49-4A28-A15B-EC8587FEA362}"
EndProject
Project("{FAE04EC0-301F-11D3-BF4B-00C04F79EFBC}") = "lab14 - Listy", "lab14 - Listy\lab14 - Listy.csproj", "{39762456-67FC-4F82-8A83-0DE2D310A93A}"
EndProject
Project("{FAE04EC0-301F-11D3-BF4B-00C04F79EFBC}") = "lab15 - TryCatch", "lab15 - TryCatch\lab15 - TryCatch.csproj", "{9101FD79-257C-4499-8BF1-AB61665DFD92}"
EndProject
Project("{FAE04EC0-301F-11D3-BF4B-00C04F79EFBC}") = "lab16 - Klasy", "lab16 - Klasy\lab16 - Klasy.csproj", "{CB16B7C0-E606-4AB1-AAB8-49263AD383C7}"
EndProject
Project("{FAE04EC0-301F-11D3-BF4B-00C04F79EFBC}") = "lab16 - Klasy(cwiczenia)", "lab16 - Klasy(cwiczenia)\lab16 - Klasy(cwiczenia).csproj", "{103F4A15-9F0E-4567-AA13-AC5599D851D7}"
EndProject
Project("{FAE04EC0-301F-11D3-BF4B-00C04F79EFBC}") = "lab17 - KlasyMetody", "lab17 - KlasyMetody\lab17 - KlasyMetody.csproj", "{8B73BC6F-D0B2-4709-9528-F37CA9F872BC}"
EndProject
Project("{FAE04EC0-301F-11D3-BF4B-00C04F79EFBC}") = "lab17 - KlasyMetody(cwiczenia)", "lab17 - KlasyMetody(cwiczenia)\lab17 - KlasyMetody(cwiczenia).csproj", "{C3A28A50-1A67-4D0A-90CF-D5AEA44CEBD0}"
EndProject
Project("{FAE04EC0-301F-11D3-BF4B-00C04F79EFBC}") = "lab18 - KlasyKonstruktory", "lab18 - KlasyKonstruktory\lab18 - KlasyKonstruktory.csproj", "{E26B6F84-7108-4FDC-9359-2BC026CE6ADE}"
EndProject
Project("{FAE04EC0-301F-11D3-BF4B-00C04F79EFBC}") = "lab18 - KlasyKonstruktory(cwiczenia)", "lab18 - KlasyKonstruktory(cwiczenia)\lab18 - KlasyKonstruktory(cwiczenia).csproj", "{4DE6F167-04AC-4F72-AC44-EBCB8D3D8232}"
EndProject
Project("{FAE04EC0-301F-11D3-BF4B-00C04F79EFBC}") = "lab19 - KlasyKonstruktoryKopiujace", "lab19 - KlasyKonstruktoryKopiujace\lab19 - KlasyKonstruktoryKopiujace.csproj", "{E76B1B66-7B52-4B73-BBD4-FC10705483CB}"
EndProject
Project("{FAE04EC0-301F-11D3-BF4B-00C04F79EFBC}") = "lab20 - KlasyWlasciwosci", "lab20 - KlasyWlasciwosci\lab20 - KlasyWlasciwosci.csproj", "{BAAE72F9-36AE-4590-B19A-EF348898D6F5}"
EndProject
Project("{FAE04EC0-301F-11D3-BF4B-00C04F79EFBC}") = "lab20 - KlasyWlasciwosci(cwiczenia)", "lab20 - KlasyWlasciwosci(cwiczenia)\lab20 - KlasyWlasciwosci(cwiczenia).csproj", "{CBE58DBC-F4A2-4FEE-8960-3612D495AD1B}"
EndProject
Project("{FAE04EC0-301F-11D3-BF4B-00C04F79EFBC}") = "lab21 - KlasyDziedziczenie", "lab21 - KlasyDziedziczenie\lab21 - KlasyDziedziczenie.csproj", "{2AC65D53-80D4-4CA3-BCE3-4A7BC5600273}"
EndProject
Project("{FAE04EC0-301F-11D3-BF4B-00C04F79EFBC}") = "lab22 - KlasyAbstrakcyjne", "lab22 - KlasyAbstrakcyjne\lab22 - KlasyAbstrakcyjne.csproj", "{15F3E6D3-AACB-456B-957E-EF393F825B33}"
EndProject
Project("{FAE04EC0-301F-11D3-BF4B-00C04F79EFBC}") = "lab22 - KlasyAbstrakcyjne(cwiczenie)", "lab22 - KlasyAbstrakcyjne(cwiczenie)\lab22 - KlasyAbstrakcyjne(cwiczenie).csproj", "{AC39A2C8-589A-4EF9-9B6F-AA8B59DE9395}"
EndProject
Project("{FAE04EC0-301F-11D3-BF4B-00C04F79EFBC}") = "lab23 - KlasaStatyczna", "lab23 - KlasaStatyczna\lab23 - KlasaStatyczna.csproj", "{60531698-7B76-4560-9D97-B44A0F3F1DCC}"
EndProject
Project("{FAE04EC0-301F-11D3-BF4B-00C04F79EFBC}") = "lab24 - KlasyDziedziczenie", "lab24 - KlasyDziedziczenie\lab24 - KlasyDziedziczenie.csproj", "{E696DB26-6D16-4441-B5C0-91FB8FB0C727}"
EndProject
Project("{FAE04EC0-301F-11D3-BF4B-00C04F79EFBC}") = "lab24 - KlasyDziedziczenieMetodyWirtualne", "lab24 - KlasyDziedziczenieMetodyWirtualne\lab24 - KlasyDziedziczenieMetodyWirtualne.csproj", "{B50D0FCC-6B11-4A3F-A5BA-29778CC78E94}"
EndProject
Project("{FAE04EC0-301F-11D3-BF4B-00C04F79EFBC}") = "lab25 - KlasyZapieczetowane", "lab25 - KlasyZapieczetowane\lab25 - KlasyZapieczetowane.csproj", "{1838216A-1EB9-4E20-B658-DE7993B0048A}"
EndProject
Project("{FAE04EC0-301F-11D3-BF4B-00C04F79EFBC}") = "lab26 - KlasaKlasyZagniezdzone", "lab26 - KlasaKlasyZagniezdzone\lab26 - KlasaKlasyZagniezdzone.csproj", "{8A4FA104-F208-412A-BB62-3D3FFAA84F17}"
EndProject
Project("{FAE04EC0-301F-11D3-BF4B-00C04F79EFBC}") = "lab27 - KlasyStatycznePola", "lab26 - KlasyStatycznePola\lab27 - KlasyStatycznePola.csproj", "{09B223FB-B6A3-4582-BF68-C1B158231DB7}"
EndProject
Project("{FAE04EC0-301F-11D3-BF4B-00C04F79EFBC}") = "lab28 - KlasyKonstruktoryStatyczne", "lab26 - KlasyKonstruktoryStatyczne\lab28 - KlasyKonstruktoryStatyczne.csproj", "{E08D64CE-EBAE-4D69-B834-258995C8C02E}"
EndProject
Project("{FAE04EC0-301F-11D3-BF4B-00C04F79EFBC}") = "lab29 - KlasyGeneryczne", "lab29 - KlasyGeneryczne\lab29 - KlasyGeneryczne.csproj", "{0B6BEBDA-6AF3-40F3-A862-45798EAFD7A6}"
EndProject
Project("{FAE04EC0-301F-11D3-BF4B-00C04F79EFBC}") = "lab30 - MetodyGeneryczne", "lab30 - MetodyGeneryczne\lab30 - MetodyGeneryczne.csproj", "{8B4A5E91-D5A1-4A43-A815-4883391145F5}"
EndProject
Project("{FAE04EC0-301F-11D3-BF4B-00C04F79EFBC}") = "lab31 - KlasyGeneryczneDziedziczenie", "lab31 - KlasyGeneryczneDziedziczenie\lab31 - KlasyGeneryczneDziedziczenie.csproj", "{D999CF22-764B-4C1D-8F10-9D329E2CAAB7}"
EndProject
Project("{FAE04EC0-301F-11D3-BF4B-00C04F79EFBC}") = "lab32 - Interfejsy", "lab32 - Interfejsy\lab32 - Interfejsy.csproj", "{F15E3F87-12C6-4D41-B289-805E7CF40125}"
EndProject
Project("{FAE04EC0-301F-11D3-BF4B-00C04F79EFBC}") = "lab32 - Interfejsy(cwiczenia)", "lab32 - Interfejsy(cwiczenia)\lab32 - Interfejsy(cwiczenia).csproj", "{3705442A-17F6-4344-BDBE-6508414F09E0}"
EndProject
Project("{FAE04EC0-301F-11D3-BF4B-00C04F79EFBC}") = "lab33 - LinqNumbers", "lab33 - LinqNumbers\lab33 - LinqNumbers.csproj", "{AD9EE77F-F59A-4DAD-950B-8B21437007F3}"
EndProject
Project("{FAE04EC0-301F-11D3-BF4B-00C04F79EFBC}") = "lab33 - LinqSingleResult", "lab33 - LinqSingleResult\lab33 - LinqSingleResult.csproj", "{9BB7FE98-6774-4BE8-B968-5E129699823E}"
EndProject
Project("{FAE04EC0-301F-11D3-BF4B-00C04F79EFBC}") = "lab33 - LinqStrings", "lab33 - LinqStrings\lab33 - LinqStrings.csproj", "{5B2C86D8-839F-49CE-BEC1-463D5A2E88BE}"
EndProject
Project("{FAE04EC0-301F-11D3-BF4B-00C04F79EFBC}") = "lab34 - ZapiszDoPliku", "lab34 - ZapiszDoPliku\lab34 - ZapiszDoPliku.csproj", "{C2C9D57C-5884-4376-B565-E8D954DA028D}"
EndProject
Global
	GlobalSection(SolutionConfigurationPlatforms) = preSolution
		Debug|Any CPU = Debug|Any CPU
		Release|Any CPU = Release|Any CPU
	EndGlobalSection
	GlobalSection(ProjectConfigurationPlatforms) = postSolution
		{F6C0467E-C578-4D06-92C9-3720126D78CA}.Debug|Any CPU.ActiveCfg = Debug|Any CPU
		{F6C0467E-C578-4D06-92C9-3720126D78CA}.Debug|Any CPU.Build.0 = Debug|Any CPU
		{F6C0467E-C578-4D06-92C9-3720126D78CA}.Release|Any CPU.ActiveCfg = Release|Any CPU
		{F6C0467E-C578-4D06-92C9-3720126D78CA}.Release|Any CPU.Build.0 = Release|Any CPU
		{F17C886D-C316-4B1E-AD09-D920B84B6E21}.Debug|Any CPU.ActiveCfg = Debug|Any CPU
		{F17C886D-C316-4B1E-AD09-D920B84B6E21}.Debug|Any CPU.Build.0 = Debug|Any CPU
		{F17C886D-C316-4B1E-AD09-D920B84B6E21}.Release|Any CPU.ActiveCfg = Release|Any CPU
		{F17C886D-C316-4B1E-AD09-D920B84B6E21}.Release|Any CPU.Build.0 = Release|Any CPU
		{429439DB-8EC8-411B-B74E-395079BCABE0}.Debug|Any CPU.ActiveCfg = Debug|Any CPU
		{429439DB-8EC8-411B-B74E-395079BCABE0}.Debug|Any CPU.Build.0 = Debug|Any CPU
		{429439DB-8EC8-411B-B74E-395079BCABE0}.Release|Any CPU.ActiveCfg = Release|Any CPU
		{429439DB-8EC8-411B-B74E-395079BCABE0}.Release|Any CPU.Build.0 = Release|Any CPU
		{3A7E814C-2026-41B1-97C4-D3D6F0C364EB}.Debug|Any CPU.ActiveCfg = Debug|Any CPU
		{3A7E814C-2026-41B1-97C4-D3D6F0C364EB}.Debug|Any CPU.Build.0 = Debug|Any CPU
		{3A7E814C-2026-41B1-97C4-D3D6F0C364EB}.Release|Any CPU.ActiveCfg = Release|Any CPU
		{3A7E814C-2026-41B1-97C4-D3D6F0C364EB}.Release|Any CPU.Build.0 = Release|Any CPU
		{5B877D4B-0145-4A41-A632-6A7BDE45AEF1}.Debug|Any CPU.ActiveCfg = Debug|Any CPU
		{5B877D4B-0145-4A41-A632-6A7BDE45AEF1}.Debug|Any CPU.Build.0 = Debug|Any CPU
		{5B877D4B-0145-4A41-A632-6A7BDE45AEF1}.Release|Any CPU.ActiveCfg = Release|Any CPU
		{5B877D4B-0145-4A41-A632-6A7BDE45AEF1}.Release|Any CPU.Build.0 = Release|Any CPU
		{4D89ABE7-C102-47E4-ADB6-139CFA159900}.Debug|Any CPU.ActiveCfg = Debug|Any CPU
		{4D89ABE7-C102-47E4-ADB6-139CFA159900}.Debug|Any CPU.Build.0 = Debug|Any CPU
		{4D89ABE7-C102-47E4-ADB6-139CFA159900}.Release|Any CPU.ActiveCfg = Release|Any CPU
		{4D89ABE7-C102-47E4-ADB6-139CFA159900}.Release|Any CPU.Build.0 = Release|Any CPU
		{B9907822-7AC0-45FA-B814-0BF9EA0BED24}.Debug|Any CPU.ActiveCfg = Debug|Any CPU
		{B9907822-7AC0-45FA-B814-0BF9EA0BED24}.Debug|Any CPU.Build.0 = Debug|Any CPU
		{B9907822-7AC0-45FA-B814-0BF9EA0BED24}.Release|Any CPU.ActiveCfg = Release|Any CPU
		{B9907822-7AC0-45FA-B814-0BF9EA0BED24}.Release|Any CPU.Build.0 = Release|Any CPU
		{8CC38DFA-8394-4794-B2D8-1DD6CC458415}.Debug|Any CPU.ActiveCfg = Debug|Any CPU
		{8CC38DFA-8394-4794-B2D8-1DD6CC458415}.Debug|Any CPU.Build.0 = Debug|Any CPU
		{8CC38DFA-8394-4794-B2D8-1DD6CC458415}.Release|Any CPU.ActiveCfg = Release|Any CPU
		{8CC38DFA-8394-4794-B2D8-1DD6CC458415}.Release|Any CPU.Build.0 = Release|Any CPU
		{7DFBF873-D2C7-4C35-8513-0AD05F0DD31D}.Debug|Any CPU.ActiveCfg = Debug|Any CPU
		{7DFBF873-D2C7-4C35-8513-0AD05F0DD31D}.Debug|Any CPU.Build.0 = Debug|Any CPU
		{7DFBF873-D2C7-4C35-8513-0AD05F0DD31D}.Release|Any CPU.ActiveCfg = Release|Any CPU
		{7DFBF873-D2C7-4C35-8513-0AD05F0DD31D}.Release|Any CPU.Build.0 = Release|Any CPU
		{61F83C5B-1848-4000-B336-CCD0C7258237}.Debug|Any CPU.ActiveCfg = Debug|Any CPU
		{61F83C5B-1848-4000-B336-CCD0C7258237}.Debug|Any CPU.Build.0 = Debug|Any CPU
		{61F83C5B-1848-4000-B336-CCD0C7258237}.Release|Any CPU.ActiveCfg = Release|Any CPU
		{61F83C5B-1848-4000-B336-CCD0C7258237}.Release|Any CPU.Build.0 = Release|Any CPU
		{C46C0BAA-3D75-4596-9688-A1908CB90CB9}.Debug|Any CPU.ActiveCfg = Debug|Any CPU
		{C46C0BAA-3D75-4596-9688-A1908CB90CB9}.Debug|Any CPU.Build.0 = Debug|Any CPU
		{C46C0BAA-3D75-4596-9688-A1908CB90CB9}.Release|Any CPU.ActiveCfg = Release|Any CPU
		{C46C0BAA-3D75-4596-9688-A1908CB90CB9}.Release|Any CPU.Build.0 = Release|Any CPU
		{E0FC3AD8-22AF-48EA-B4D7-08FF8735321F}.Debug|Any CPU.ActiveCfg = Debug|Any CPU
		{E0FC3AD8-22AF-48EA-B4D7-08FF8735321F}.Debug|Any CPU.Build.0 = Debug|Any CPU
		{E0FC3AD8-22AF-48EA-B4D7-08FF8735321F}.Release|Any CPU.ActiveCfg = Release|Any CPU
		{E0FC3AD8-22AF-48EA-B4D7-08FF8735321F}.Release|Any CPU.Build.0 = Release|Any CPU
		{77F753C1-1C95-4630-84FE-F1A7424874A3}.Debug|Any CPU.ActiveCfg = Debug|Any CPU
		{77F753C1-1C95-4630-84FE-F1A7424874A3}.Debug|Any CPU.Build.0 = Debug|Any CPU
		{77F753C1-1C95-4630-84FE-F1A7424874A3}.Release|Any CPU.ActiveCfg = Release|Any CPU
		{77F753C1-1C95-4630-84FE-F1A7424874A3}.Release|Any CPU.Build.0 = Release|Any CPU
		{30096B08-932D-4FF2-95F1-EF5AEA7B9FA6}.Debug|Any CPU.ActiveCfg = Debug|Any CPU
		{30096B08-932D-4FF2-95F1-EF5AEA7B9FA6}.Debug|Any CPU.Build.0 = Debug|Any CPU
		{30096B08-932D-4FF2-95F1-EF5AEA7B9FA6}.Release|Any CPU.ActiveCfg = Release|Any CPU
		{30096B08-932D-4FF2-95F1-EF5AEA7B9FA6}.Release|Any CPU.Build.0 = Release|Any CPU
		{FDEF2BC5-4967-4193-979D-7BCBA6D35834}.Debug|Any CPU.ActiveCfg = Debug|Any CPU
		{FDEF2BC5-4967-4193-979D-7BCBA6D35834}.Debug|Any CPU.Build.0 = Debug|Any CPU
		{FDEF2BC5-4967-4193-979D-7BCBA6D35834}.Release|Any CPU.ActiveCfg = Release|Any CPU
		{FDEF2BC5-4967-4193-979D-7BCBA6D35834}.Release|Any CPU.Build.0 = Release|Any CPU
		{53E6BBD4-6036-4370-AF4D-8FA16BE1AD56}.Debug|Any CPU.ActiveCfg = Debug|Any CPU
		{53E6BBD4-6036-4370-AF4D-8FA16BE1AD56}.Debug|Any CPU.Build.0 = Debug|Any CPU
		{53E6BBD4-6036-4370-AF4D-8FA16BE1AD56}.Release|Any CPU.ActiveCfg = Release|Any CPU
		{53E6BBD4-6036-4370-AF4D-8FA16BE1AD56}.Release|Any CPU.Build.0 = Release|Any CPU
		{345539E0-6BC2-48C1-9C78-97C574D27700}.Debug|Any CPU.ActiveCfg = Debug|Any CPU
		{345539E0-6BC2-48C1-9C78-97C574D27700}.Debug|Any CPU.Build.0 = Debug|Any CPU
		{345539E0-6BC2-48C1-9C78-97C574D27700}.Release|Any CPU.ActiveCfg = Release|Any CPU
		{345539E0-6BC2-48C1-9C78-97C574D27700}.Release|Any CPU.Build.0 = Release|Any CPU
		{C3989DEB-CA4B-4273-A876-D0B0EFEA72FF}.Debug|Any CPU.ActiveCfg = Debug|Any CPU
		{C3989DEB-CA4B-4273-A876-D0B0EFEA72FF}.Debug|Any CPU.Build.0 = Debug|Any CPU
		{C3989DEB-CA4B-4273-A876-D0B0EFEA72FF}.Release|Any CPU.ActiveCfg = Release|Any CPU
		{C3989DEB-CA4B-4273-A876-D0B0EFEA72FF}.Release|Any CPU.Build.0 = Release|Any CPU
		{9646E539-F099-4231-8936-F0CA0D726C3E}.Debug|Any CPU.ActiveCfg = Debug|Any CPU
		{9646E539-F099-4231-8936-F0CA0D726C3E}.Debug|Any CPU.Build.0 = Debug|Any CPU
		{9646E539-F099-4231-8936-F0CA0D726C3E}.Release|Any CPU.ActiveCfg = Release|Any CPU
		{9646E539-F099-4231-8936-F0CA0D726C3E}.Release|Any CPU.Build.0 = Release|Any CPU
		{27F306A9-F8CD-4B83-8B68-5D5DDF66D457}.Debug|Any CPU.ActiveCfg = Debug|Any CPU
		{27F306A9-F8CD-4B83-8B68-5D5DDF66D457}.Debug|Any CPU.Build.0 = Debug|Any CPU
		{27F306A9-F8CD-4B83-8B68-5D5DDF66D457}.Release|Any CPU.ActiveCfg = Release|Any CPU
		{27F306A9-F8CD-4B83-8B68-5D5DDF66D457}.Release|Any CPU.Build.0 = Release|Any CPU
		{1417A0B9-0BBD-441E-873F-FF44BC47B3D8}.Debug|Any CPU.ActiveCfg = Debug|Any CPU
		{1417A0B9-0BBD-441E-873F-FF44BC47B3D8}.Debug|Any CPU.Build.0 = Debug|Any CPU
		{1417A0B9-0BBD-441E-873F-FF44BC47B3D8}.Release|Any CPU.ActiveCfg = Release|Any CPU
		{1417A0B9-0BBD-441E-873F-FF44BC47B3D8}.Release|Any CPU.Build.0 = Release|Any CPU
		{93B1F88A-C75B-469A-A286-EB7132851BBD}.Debug|Any CPU.ActiveCfg = Debug|Any CPU
		{93B1F88A-C75B-469A-A286-EB7132851BBD}.Debug|Any CPU.Build.0 = Debug|Any CPU
		{93B1F88A-C75B-469A-A286-EB7132851BBD}.Release|Any CPU.ActiveCfg = Release|Any CPU
		{93B1F88A-C75B-469A-A286-EB7132851BBD}.Release|Any CPU.Build.0 = Release|Any CPU
		{A371BCCA-5A49-4A28-A15B-EC8587FEA362}.Debug|Any CPU.ActiveCfg = Debug|Any CPU
		{A371BCCA-5A49-4A28-A15B-EC8587FEA362}.Debug|Any CPU.Build.0 = Debug|Any CPU
		{A371BCCA-5A49-4A28-A15B-EC8587FEA362}.Release|Any CPU.ActiveCfg = Release|Any CPU
		{A371BCCA-5A49-4A28-A15B-EC8587FEA362}.Release|Any CPU.Build.0 = Release|Any CPU
		{39762456-67FC-4F82-8A83-0DE2D310A93A}.Debug|Any CPU.ActiveCfg = Debug|Any CPU
		{39762456-67FC-4F82-8A83-0DE2D310A93A}.Debug|Any CPU.Build.0 = Debug|Any CPU
		{39762456-67FC-4F82-8A83-0DE2D310A93A}.Release|Any CPU.ActiveCfg = Release|Any CPU
		{39762456-67FC-4F82-8A83-0DE2D310A93A}.Release|Any CPU.Build.0 = Release|Any CPU
		{9101FD79-257C-4499-8BF1-AB61665DFD92}.Debug|Any CPU.ActiveCfg = Debug|Any CPU
		{9101FD79-257C-4499-8BF1-AB61665DFD92}.Debug|Any CPU.Build.0 = Debug|Any CPU
		{9101FD79-257C-4499-8BF1-AB61665DFD92}.Release|Any CPU.ActiveCfg = Release|Any CPU
		{9101FD79-257C-4499-8BF1-AB61665DFD92}.Release|Any CPU.Build.0 = Release|Any CPU
		{CB16B7C0-E606-4AB1-AAB8-49263AD383C7}.Debug|Any CPU.ActiveCfg = Debug|Any CPU
		{CB16B7C0-E606-4AB1-AAB8-49263AD383C7}.Debug|Any CPU.Build.0 = Debug|Any CPU
		{CB16B7C0-E606-4AB1-AAB8-49263AD383C7}.Release|Any CPU.ActiveCfg = Release|Any CPU
		{CB16B7C0-E606-4AB1-AAB8-49263AD383C7}.Release|Any CPU.Build.0 = Release|Any CPU
		{103F4A15-9F0E-4567-AA13-AC5599D851D7}.Debug|Any CPU.ActiveCfg = Debug|Any CPU
		{103F4A15-9F0E-4567-AA13-AC5599D851D7}.Debug|Any CPU.Build.0 = Debug|Any CPU
		{103F4A15-9F0E-4567-AA13-AC5599D851D7}.Release|Any CPU.ActiveCfg = Release|Any CPU
		{103F4A15-9F0E-4567-AA13-AC5599D851D7}.Release|Any CPU.Build.0 = Release|Any CPU
		{8B73BC6F-D0B2-4709-9528-F37CA9F872BC}.Debug|Any CPU.ActiveCfg = Debug|Any CPU
		{8B73BC6F-D0B2-4709-9528-F37CA9F872BC}.Debug|Any CPU.Build.0 = Debug|Any CPU
		{8B73BC6F-D0B2-4709-9528-F37CA9F872BC}.Release|Any CPU.ActiveCfg = Release|Any CPU
		{8B73BC6F-D0B2-4709-9528-F37CA9F872BC}.Release|Any CPU.Build.0 = Release|Any CPU
		{C3A28A50-1A67-4D0A-90CF-D5AEA44CEBD0}.Debug|Any CPU.ActiveCfg = Debug|Any CPU
		{C3A28A50-1A67-4D0A-90CF-D5AEA44CEBD0}.Debug|Any CPU.Build.0 = Debug|Any CPU
		{C3A28A50-1A67-4D0A-90CF-D5AEA44CEBD0}.Release|Any CPU.ActiveCfg = Release|Any CPU
		{C3A28A50-1A67-4D0A-90CF-D5AEA44CEBD0}.Release|Any CPU.Build.0 = Release|Any CPU
		{E26B6F84-7108-4FDC-9359-2BC026CE6ADE}.Debug|Any CPU.ActiveCfg = Debug|Any CPU
		{E26B6F84-7108-4FDC-9359-2BC026CE6ADE}.Debug|Any CPU.Build.0 = Debug|Any CPU
		{E26B6F84-7108-4FDC-9359-2BC026CE6ADE}.Release|Any CPU.ActiveCfg = Release|Any CPU
		{E26B6F84-7108-4FDC-9359-2BC026CE6ADE}.Release|Any CPU.Build.0 = Release|Any CPU
		{4DE6F167-04AC-4F72-AC44-EBCB8D3D8232}.Debug|Any CPU.ActiveCfg = Debug|Any CPU
		{4DE6F167-04AC-4F72-AC44-EBCB8D3D8232}.Debug|Any CPU.Build.0 = Debug|Any CPU
		{4DE6F167-04AC-4F72-AC44-EBCB8D3D8232}.Release|Any CPU.ActiveCfg = Release|Any CPU
		{4DE6F167-04AC-4F72-AC44-EBCB8D3D8232}.Release|Any CPU.Build.0 = Release|Any CPU
		{E76B1B66-7B52-4B73-BBD4-FC10705483CB}.Debug|Any CPU.ActiveCfg = Debug|Any CPU
		{E76B1B66-7B52-4B73-BBD4-FC10705483CB}.Debug|Any CPU.Build.0 = Debug|Any CPU
		{E76B1B66-7B52-4B73-BBD4-FC10705483CB}.Release|Any CPU.ActiveCfg = Release|Any CPU
		{E76B1B66-7B52-4B73-BBD4-FC10705483CB}.Release|Any CPU.Build.0 = Release|Any CPU
		{BAAE72F9-36AE-4590-B19A-EF348898D6F5}.Debug|Any CPU.ActiveCfg = Debug|Any CPU
		{BAAE72F9-36AE-4590-B19A-EF348898D6F5}.Debug|Any CPU.Build.0 = Debug|Any CPU
		{BAAE72F9-36AE-4590-B19A-EF348898D6F5}.Release|Any CPU.ActiveCfg = Release|Any CPU
		{BAAE72F9-36AE-4590-B19A-EF348898D6F5}.Release|Any CPU.Build.0 = Release|Any CPU
		{CBE58DBC-F4A2-4FEE-8960-3612D495AD1B}.Debug|Any CPU.ActiveCfg = Debug|Any CPU
		{CBE58DBC-F4A2-4FEE-8960-3612D495AD1B}.Debug|Any CPU.Build.0 = Debug|Any CPU
		{CBE58DBC-F4A2-4FEE-8960-3612D495AD1B}.Release|Any CPU.ActiveCfg = Release|Any CPU
		{CBE58DBC-F4A2-4FEE-8960-3612D495AD1B}.Release|Any CPU.Build.0 = Release|Any CPU
		{2AC65D53-80D4-4CA3-BCE3-4A7BC5600273}.Debug|Any CPU.ActiveCfg = Debug|Any CPU
		{2AC65D53-80D4-4CA3-BCE3-4A7BC5600273}.Debug|Any CPU.Build.0 = Debug|Any CPU
		{2AC65D53-80D4-4CA3-BCE3-4A7BC5600273}.Release|Any CPU.ActiveCfg = Release|Any CPU
		{2AC65D53-80D4-4CA3-BCE3-4A7BC5600273}.Release|Any CPU.Build.0 = Release|Any CPU
		{15F3E6D3-AACB-456B-957E-EF393F825B33}.Debug|Any CPU.ActiveCfg = Debug|Any CPU
		{15F3E6D3-AACB-456B-957E-EF393F825B33}.Debug|Any CPU.Build.0 = Debug|Any CPU
		{15F3E6D3-AACB-456B-957E-EF393F825B33}.Release|Any CPU.ActiveCfg = Release|Any CPU
		{15F3E6D3-AACB-456B-957E-EF393F825B33}.Release|Any CPU.Build.0 = Release|Any CPU
		{AC39A2C8-589A-4EF9-9B6F-AA8B59DE9395}.Debug|Any CPU.ActiveCfg = Debug|Any CPU
		{AC39A2C8-589A-4EF9-9B6F-AA8B59DE9395}.Debug|Any CPU.Build.0 = Debug|Any CPU
		{AC39A2C8-589A-4EF9-9B6F-AA8B59DE9395}.Release|Any CPU.ActiveCfg = Release|Any CPU
		{AC39A2C8-589A-4EF9-9B6F-AA8B59DE9395}.Release|Any CPU.Build.0 = Release|Any CPU
		{60531698-7B76-4560-9D97-B44A0F3F1DCC}.Debug|Any CPU.ActiveCfg = Debug|Any CPU
		{60531698-7B76-4560-9D97-B44A0F3F1DCC}.Debug|Any CPU.Build.0 = Debug|Any CPU
		{60531698-7B76-4560-9D97-B44A0F3F1DCC}.Release|Any CPU.ActiveCfg = Release|Any CPU
		{60531698-7B76-4560-9D97-B44A0F3F1DCC}.Release|Any CPU.Build.0 = Release|Any CPU
		{E696DB26-6D16-4441-B5C0-91FB8FB0C727}.Debug|Any CPU.ActiveCfg = Debug|Any CPU
		{E696DB26-6D16-4441-B5C0-91FB8FB0C727}.Debug|Any CPU.Build.0 = Debug|Any CPU
		{E696DB26-6D16-4441-B5C0-91FB8FB0C727}.Release|Any CPU.ActiveCfg = Release|Any CPU
		{E696DB26-6D16-4441-B5C0-91FB8FB0C727}.Release|Any CPU.Build.0 = Release|Any CPU
		{B50D0FCC-6B11-4A3F-A5BA-29778CC78E94}.Debug|Any CPU.ActiveCfg = Debug|Any CPU
		{B50D0FCC-6B11-4A3F-A5BA-29778CC78E94}.Debug|Any CPU.Build.0 = Debug|Any CPU
		{B50D0FCC-6B11-4A3F-A5BA-29778CC78E94}.Release|Any CPU.ActiveCfg = Release|Any CPU
		{B50D0FCC-6B11-4A3F-A5BA-29778CC78E94}.Release|Any CPU.Build.0 = Release|Any CPU
		{1838216A-1EB9-4E20-B658-DE7993B0048A}.Debug|Any CPU.ActiveCfg = Debug|Any CPU
		{1838216A-1EB9-4E20-B658-DE7993B0048A}.Debug|Any CPU.Build.0 = Debug|Any CPU
		{1838216A-1EB9-4E20-B658-DE7993B0048A}.Release|Any CPU.ActiveCfg = Release|Any CPU
		{1838216A-1EB9-4E20-B658-DE7993B0048A}.Release|Any CPU.Build.0 = Release|Any CPU
		{8A4FA104-F208-412A-BB62-3D3FFAA84F17}.Debug|Any CPU.ActiveCfg = Debug|Any CPU
		{8A4FA104-F208-412A-BB62-3D3FFAA84F17}.Debug|Any CPU.Build.0 = Debug|Any CPU
		{8A4FA104-F208-412A-BB62-3D3FFAA84F17}.Release|Any CPU.ActiveCfg = Release|Any CPU
		{8A4FA104-F208-412A-BB62-3D3FFAA84F17}.Release|Any CPU.Build.0 = Release|Any CPU
		{09B223FB-B6A3-4582-BF68-C1B158231DB7}.Debug|Any CPU.ActiveCfg = Debug|Any CPU
		{09B223FB-B6A3-4582-BF68-C1B158231DB7}.Debug|Any CPU.Build.0 = Debug|Any CPU
		{09B223FB-B6A3-4582-BF68-C1B158231DB7}.Release|Any CPU.ActiveCfg = Release|Any CPU
		{09B223FB-B6A3-4582-BF68-C1B158231DB7}.Release|Any CPU.Build.0 = Release|Any CPU
		{E08D64CE-EBAE-4D69-B834-258995C8C02E}.Debug|Any CPU.ActiveCfg = Debug|Any CPU
		{E08D64CE-EBAE-4D69-B834-258995C8C02E}.Debug|Any CPU.Build.0 = Debug|Any CPU
		{E08D64CE-EBAE-4D69-B834-258995C8C02E}.Release|Any CPU.ActiveCfg = Release|Any CPU
		{E08D64CE-EBAE-4D69-B834-258995C8C02E}.Release|Any CPU.Build.0 = Release|Any CPU
		{0B6BEBDA-6AF3-40F3-A862-45798EAFD7A6}.Debug|Any CPU.ActiveCfg = Debug|Any CPU
		{0B6BEBDA-6AF3-40F3-A862-45798EAFD7A6}.Debug|Any CPU.Build.0 = Debug|Any CPU
		{0B6BEBDA-6AF3-40F3-A862-45798EAFD7A6}.Release|Any CPU.ActiveCfg = Release|Any CPU
		{0B6BEBDA-6AF3-40F3-A862-45798EAFD7A6}.Release|Any CPU.Build.0 = Release|Any CPU
		{8B4A5E91-D5A1-4A43-A815-4883391145F5}.Debug|Any CPU.ActiveCfg = Debug|Any CPU
		{8B4A5E91-D5A1-4A43-A815-4883391145F5}.Debug|Any CPU.Build.0 = Debug|Any CPU
		{8B4A5E91-D5A1-4A43-A815-4883391145F5}.Release|Any CPU.ActiveCfg = Release|Any CPU
		{8B4A5E91-D5A1-4A43-A815-4883391145F5}.Release|Any CPU.Build.0 = Release|Any CPU
		{D999CF22-764B-4C1D-8F10-9D329E2CAAB7}.Debug|Any CPU.ActiveCfg = Debug|Any CPU
		{D999CF22-764B-4C1D-8F10-9D329E2CAAB7}.Debug|Any CPU.Build.0 = Debug|Any CPU
		{D999CF22-764B-4C1D-8F10-9D329E2CAAB7}.Release|Any CPU.ActiveCfg = Release|Any CPU
		{D999CF22-764B-4C1D-8F10-9D329E2CAAB7}.Release|Any CPU.Build.0 = Release|Any CPU
		{F15E3F87-12C6-4D41-B289-805E7CF40125}.Debug|Any CPU.ActiveCfg = Debug|Any CPU
		{F15E3F87-12C6-4D41-B289-805E7CF40125}.Debug|Any CPU.Build.0 = Debug|Any CPU
		{F15E3F87-12C6-4D41-B289-805E7CF40125}.Release|Any CPU.ActiveCfg = Release|Any CPU
		{F15E3F87-12C6-4D41-B289-805E7CF40125}.Release|Any CPU.Build.0 = Release|Any CPU
		{3705442A-17F6-4344-BDBE-6508414F09E0}.Debug|Any CPU.ActiveCfg = Debug|Any CPU
		{3705442A-17F6-4344-BDBE-6508414F09E0}.Debug|Any CPU.Build.0 = Debug|Any CPU
		{3705442A-17F6-4344-BDBE-6508414F09E0}.Release|Any CPU.ActiveCfg = Release|Any CPU
		{3705442A-17F6-4344-BDBE-6508414F09E0}.Release|Any CPU.Build.0 = Release|Any CPU
		{AD9EE77F-F59A-4DAD-950B-8B21437007F3}.Debug|Any CPU.ActiveCfg = Debug|Any CPU
		{AD9EE77F-F59A-4DAD-950B-8B21437007F3}.Debug|Any CPU.Build.0 = Debug|Any CPU
		{AD9EE77F-F59A-4DAD-950B-8B21437007F3}.Release|Any CPU.ActiveCfg = Release|Any CPU
		{AD9EE77F-F59A-4DAD-950B-8B21437007F3}.Release|Any CPU.Build.0 = Release|Any CPU
		{9BB7FE98-6774-4BE8-B968-5E129699823E}.Debug|Any CPU.ActiveCfg = Debug|Any CPU
		{9BB7FE98-6774-4BE8-B968-5E129699823E}.Debug|Any CPU.Build.0 = Debug|Any CPU
		{9BB7FE98-6774-4BE8-B968-5E129699823E}.Release|Any CPU.ActiveCfg = Release|Any CPU
		{9BB7FE98-6774-4BE8-B968-5E129699823E}.Release|Any CPU.Build.0 = Release|Any CPU
		{5B2C86D8-839F-49CE-BEC1-463D5A2E88BE}.Debug|Any CPU.ActiveCfg = Debug|Any CPU
		{5B2C86D8-839F-49CE-BEC1-463D5A2E88BE}.Debug|Any CPU.Build.0 = Debug|Any CPU
		{5B2C86D8-839F-49CE-BEC1-463D5A2E88BE}.Release|Any CPU.ActiveCfg = Release|Any CPU
		{5B2C86D8-839F-49CE-BEC1-463D5A2E88BE}.Release|Any CPU.Build.0 = Release|Any CPU
		{C2C9D57C-5884-4376-B565-E8D954DA028D}.Debug|Any CPU.ActiveCfg = Debug|Any CPU
		{C2C9D57C-5884-4376-B565-E8D954DA028D}.Debug|Any CPU.Build.0 = Debug|Any CPU
		{C2C9D57C-5884-4376-B565-E8D954DA028D}.Release|Any CPU.ActiveCfg = Release|Any CPU
		{C2C9D57C-5884-4376-B565-E8D954DA028D}.Release|Any CPU.Build.0 = Release|Any CPU
	EndGlobalSection
	GlobalSection(SolutionProperties) = preSolution
		HideSolutionNode = FALSE
	EndGlobalSection
	GlobalSection(ExtensibilityGlobals) = postSolution
		SolutionGuid = {A2EAD782-FEE9-4AC5-B18D-4A4475356067}
	EndGlobalSection
EndGlobal
